
Microsoft Visual Studio Solution File, Format Version 12.00
# Visual Studio Version 16
VisualStudioVersion = 16.0.32802.440
MinimumVisualStudioVersion = 10.0.40219.1
Project("{FAE04EC0-301F-11D3-BF4B-00C04F79EFBC}") = "IsekaiMod", "IsekaiMod\IsekaiMod.csproj", "{35B9CA4A-4DC0-47A0-8E88-6AF6E89B859C}"
EndProject
Global
	GlobalSection(SolutionConfigurationPlatforms) = preSolution
		Debug|Any CPU = Debug|Any CPU
		Release|Any CPU = Release|Any CPU
	EndGlobalSection
	GlobalSection(ProjectConfigurationPlatforms) = postSolution
		{35B9CA4A-4DC0-47A0-8E88-6AF6E89B859C}.Debug|Any CPU.ActiveCfg = Debug|Any CPU
		{35B9CA4A-4DC0-47A0-8E88-6AF6E89B859C}.Debug|Any CPU.Build.0 = Debug|Any CPU
		{35B9CA4A-4DC0-47A0-8E88-6AF6E89B859C}.Release|Any CPU.ActiveCfg = Release|Any CPU
		{35B9CA4A-4DC0-47A0-8E88-6AF6E89B859C}.Release|Any CPU.Build.0 = Release|Any CPU
	EndGlobalSection
	GlobalSection(SolutionProperties) = preSolution
		HideSolutionNode = FALSE
	EndGlobalSection
	GlobalSection(ExtensibilityGlobals) = postSolution
		SolutionGuid = {681150F5-25A7-4FFB-9D4C-ADC6C9956959}
	EndGlobalSection
EndGlobal
